
Microsoft Visual Studio Solution File, Format Version 12.00
# Visual Studio Version 17
VisualStudioVersion = 17.6.33829.357
MinimumVisualStudioVersion = 10.0.40219.1
Project("{FAE04EC0-301F-11D3-BF4B-00C04F79EFBC}") = "TradutorHmmm", "TradutorHmmm\TradutorHmmm.csproj", "{F36D99B5-2606-4E48-A012-EDEABD9AE98E}"
EndProject
Global
	GlobalSection(SolutionConfigurationPlatforms) = preSolution
		Debug|Any CPU = Debug|Any CPU
		Release|Any CPU = Release|Any CPU
	EndGlobalSection
	GlobalSection(ProjectConfigurationPlatforms) = postSolution
		{F36D99B5-2606-4E48-A012-EDEABD9AE98E}.Debug|Any CPU.ActiveCfg = Debug|Any CPU
		{F36D99B5-2606-4E48-A012-EDEABD9AE98E}.Debug|Any CPU.Build.0 = Debug|Any CPU
		{F36D99B5-2606-4E48-A012-EDEABD9AE98E}.Release|Any CPU.ActiveCfg = Release|Any CPU
		{F36D99B5-2606-4E48-A012-EDEABD9AE98E}.Release|Any CPU.Build.0 = Release|Any CPU
	EndGlobalSection
	GlobalSection(SolutionProperties) = preSolution
		HideSolutionNode = FALSE
	EndGlobalSection
	GlobalSection(ExtensibilityGlobals) = postSolution
		SolutionGuid = {54151256-DED9-4FDC-9783-8541F244C57E}
	EndGlobalSection
EndGlobal
